
Microsoft Visual Studio Solution File, Format Version 12.00
# Visual Studio Version 17
VisualStudioVersion = 17.8.34330.188
MinimumVisualStudioVersion = 10.0.40219.1
Project("{FAE04EC0-301F-11D3-BF4B-00C04F79EFBC}") = "DAL_ExpenseManagement", "DAL_ExpenseManagement\DAL_ExpenseManagement.csproj", "{4D416A90-D7A5-4B9F-AF9F-94B525D667EE}"
EndProject
Global
	GlobalSection(SolutionConfigurationPlatforms) = preSolution
		Debug|Any CPU = Debug|Any CPU
		Release|Any CPU = Release|Any CPU
	EndGlobalSection
	GlobalSection(ProjectConfigurationPlatforms) = postSolution
		{4D416A90-D7A5-4B9F-AF9F-94B525D667EE}.Debug|Any CPU.ActiveCfg = Debug|Any CPU
		{4D416A90-D7A5-4B9F-AF9F-94B525D667EE}.Debug|Any CPU.Build.0 = Debug|Any CPU
		{4D416A90-D7A5-4B9F-AF9F-94B525D667EE}.Release|Any CPU.ActiveCfg = Release|Any CPU
		{4D416A90-D7A5-4B9F-AF9F-94B525D667EE}.Release|Any CPU.Build.0 = Release|Any CPU
	EndGlobalSection
	GlobalSection(SolutionProperties) = preSolution
		HideSolutionNode = FALSE
	EndGlobalSection
	GlobalSection(ExtensibilityGlobals) = postSolution
		SolutionGuid = {E4779263-C3B2-44FC-95E8-B2F9304B8A53}
	EndGlobalSection
EndGlobal
